
Microsoft Visual Studio Solution File, Format Version 12.00
# Visual Studio Version 17
VisualStudioVersion = 17.4.33403.182
MinimumVisualStudioVersion = 10.0.40219.1
Project("{FAE04EC0-301F-11D3-BF4B-00C04F79EFBC}") = "EmpDB", "EmpDB\EmpDB.csproj", "{C774A8FC-1E59-4562-AEEA-C9FE7049F911}"
EndProject
Global
	GlobalSection(SolutionConfigurationPlatforms) = preSolution
		Debug|Any CPU = Debug|Any CPU
		Release|Any CPU = Release|Any CPU
	EndGlobalSection
	GlobalSection(ProjectConfigurationPlatforms) = postSolution
		{C774A8FC-1E59-4562-AEEA-C9FE7049F911}.Debug|Any CPU.ActiveCfg = Debug|Any CPU
		{C774A8FC-1E59-4562-AEEA-C9FE7049F911}.Debug|Any CPU.Build.0 = Debug|Any CPU
		{C774A8FC-1E59-4562-AEEA-C9FE7049F911}.Release|Any CPU.ActiveCfg = Release|Any CPU
		{C774A8FC-1E59-4562-AEEA-C9FE7049F911}.Release|Any CPU.Build.0 = Release|Any CPU
	EndGlobalSection
	GlobalSection(SolutionProperties) = preSolution
		HideSolutionNode = FALSE
	EndGlobalSection
	GlobalSection(ExtensibilityGlobals) = postSolution
		SolutionGuid = {E1B4ADC4-A3AF-4245-955B-50302A1D11E2}
	EndGlobalSection
EndGlobal
